
Microsoft Visual Studio Solution File, Format Version 12.00
# Visual Studio 14
VisualStudioVersion = 14.0.25420.1
MinimumVisualStudioVersion = 10.0.40219.1
Project("{FAE04EC0-301F-11D3-BF4B-00C04F79EFBC}") = "ng2Demo.Interface", "ng2Demo.Interface\ng2Demo.Interface.csproj", "{CD08792C-F716-4200-92CE-612DECDC2B36}"
EndProject
Project("{FAE04EC0-301F-11D3-BF4B-00C04F79EFBC}") = "ng2Demo.Service", "ng2Demo.Service\ng2Demo.Service.csproj", "{01C7E724-2840-4AAC-831E-3CD619FE34F1}"
EndProject
Project("{FAE04EC0-301F-11D3-BF4B-00C04F79EFBC}") = "ng2Demo.Base", "ng2Demo.Base\ng2Demo.Base.csproj", "{C9230D45-3EEA-4466-9A8D-0E5F835DC686}"
EndProject
Project("{FAE04EC0-301F-11D3-BF4B-00C04F79EFBC}") = "ng2Demo.Data", "ng2Demo.Data\ng2Demo.Data.csproj", "{A91843D8-888F-49DE-9981-7B10B441E2F9}"
EndProject
Project("{FAE04EC0-301F-11D3-BF4B-00C04F79EFBC}") = "ng2Demo.DTO", "ng2Demo.DTO\ng2Demo.DTO.csproj", "{0DE77CD2-60F4-4A5D-A1FD-5EC2A8835D0F}"
EndProject
Project("{FAE04EC0-301F-11D3-BF4B-00C04F79EFBC}") = "ng2Demo.Web", "ng2Demo.Web\ng2Demo.Web.csproj", "{1CF89801-5684-44F8-882C-2D7786A15A70}"
EndProject
Project("{2150E333-8FDC-42A3-9474-1A3956D46DE8}") = "0_Biz", "0_Biz", "{DE7308B3-51AA-4A2F-A92A-9279C482F2CB}"
EndProject
Project("{2150E333-8FDC-42A3-9474-1A3956D46DE8}") = "1_APP", "1_APP", "{3CC54604-52B5-4892-B4A1-48C551BDBC9C}"
EndProject
Project("{FAE04EC0-301F-11D3-BF4B-00C04F79EFBC}") = "ng2Demo.WebApi", "ng2Demo.WebApi\ng2Demo.WebApi.csproj", "{922136AE-E013-42C8-B71F-D22F08792F28}"
EndProject
Global
	GlobalSection(SolutionConfigurationPlatforms) = preSolution
		Debug|Any CPU = Debug|Any CPU
		Release|Any CPU = Release|Any CPU
	EndGlobalSection
	GlobalSection(ProjectConfigurationPlatforms) = postSolution
		{CD08792C-F716-4200-92CE-612DECDC2B36}.Debug|Any CPU.ActiveCfg = Debug|Any CPU
		{CD08792C-F716-4200-92CE-612DECDC2B36}.Debug|Any CPU.Build.0 = Debug|Any CPU
		{CD08792C-F716-4200-92CE-612DECDC2B36}.Release|Any CPU.ActiveCfg = Release|Any CPU
		{CD08792C-F716-4200-92CE-612DECDC2B36}.Release|Any CPU.Build.0 = Release|Any CPU
		{01C7E724-2840-4AAC-831E-3CD619FE34F1}.Debug|Any CPU.ActiveCfg = Debug|Any CPU
		{01C7E724-2840-4AAC-831E-3CD619FE34F1}.Debug|Any CPU.Build.0 = Debug|Any CPU
		{01C7E724-2840-4AAC-831E-3CD619FE34F1}.Release|Any CPU.ActiveCfg = Release|Any CPU
		{01C7E724-2840-4AAC-831E-3CD619FE34F1}.Release|Any CPU.Build.0 = Release|Any CPU
		{C9230D45-3EEA-4466-9A8D-0E5F835DC686}.Debug|Any CPU.ActiveCfg = Debug|Any CPU
		{C9230D45-3EEA-4466-9A8D-0E5F835DC686}.Debug|Any CPU.Build.0 = Debug|Any CPU
		{C9230D45-3EEA-4466-9A8D-0E5F835DC686}.Release|Any CPU.ActiveCfg = Release|Any CPU
		{C9230D45-3EEA-4466-9A8D-0E5F835DC686}.Release|Any CPU.Build.0 = Release|Any CPU
		{A91843D8-888F-49DE-9981-7B10B441E2F9}.Debug|Any CPU.ActiveCfg = Debug|Any CPU
		{A91843D8-888F-49DE-9981-7B10B441E2F9}.Debug|Any CPU.Build.0 = Debug|Any CPU
		{A91843D8-888F-49DE-9981-7B10B441E2F9}.Release|Any CPU.ActiveCfg = Release|Any CPU
		{A91843D8-888F-49DE-9981-7B10B441E2F9}.Release|Any CPU.Build.0 = Release|Any CPU
		{0DE77CD2-60F4-4A5D-A1FD-5EC2A8835D0F}.Debug|Any CPU.ActiveCfg = Debug|Any CPU
		{0DE77CD2-60F4-4A5D-A1FD-5EC2A8835D0F}.Debug|Any CPU.Build.0 = Debug|Any CPU
		{0DE77CD2-60F4-4A5D-A1FD-5EC2A8835D0F}.Release|Any CPU.ActiveCfg = Release|Any CPU
		{0DE77CD2-60F4-4A5D-A1FD-5EC2A8835D0F}.Release|Any CPU.Build.0 = Release|Any CPU
		{1CF89801-5684-44F8-882C-2D7786A15A70}.Debug|Any CPU.ActiveCfg = Debug|Any CPU
		{1CF89801-5684-44F8-882C-2D7786A15A70}.Debug|Any CPU.Build.0 = Debug|Any CPU
		{1CF89801-5684-44F8-882C-2D7786A15A70}.Release|Any CPU.ActiveCfg = Release|Any CPU
		{1CF89801-5684-44F8-882C-2D7786A15A70}.Release|Any CPU.Build.0 = Release|Any CPU
		{922136AE-E013-42C8-B71F-D22F08792F28}.Debug|Any CPU.ActiveCfg = Debug|Any CPU
		{922136AE-E013-42C8-B71F-D22F08792F28}.Debug|Any CPU.Build.0 = Debug|Any CPU
		{922136AE-E013-42C8-B71F-D22F08792F28}.Release|Any CPU.ActiveCfg = Release|Any CPU
		{922136AE-E013-42C8-B71F-D22F08792F28}.Release|Any CPU.Build.0 = Release|Any CPU
	EndGlobalSection
	GlobalSection(SolutionProperties) = preSolution
		HideSolutionNode = FALSE
	EndGlobalSection
	GlobalSection(NestedProjects) = preSolution
		{CD08792C-F716-4200-92CE-612DECDC2B36} = {DE7308B3-51AA-4A2F-A92A-9279C482F2CB}
		{01C7E724-2840-4AAC-831E-3CD619FE34F1} = {DE7308B3-51AA-4A2F-A92A-9279C482F2CB}
		{C9230D45-3EEA-4466-9A8D-0E5F835DC686} = {DE7308B3-51AA-4A2F-A92A-9279C482F2CB}
		{A91843D8-888F-49DE-9981-7B10B441E2F9} = {DE7308B3-51AA-4A2F-A92A-9279C482F2CB}
		{0DE77CD2-60F4-4A5D-A1FD-5EC2A8835D0F} = {DE7308B3-51AA-4A2F-A92A-9279C482F2CB}
		{922136AE-E013-42C8-B71F-D22F08792F28} = {3CC54604-52B5-4892-B4A1-48C551BDBC9C}
	EndGlobalSection
EndGlobal
